
Microsoft Visual Studio Solution File, Format Version 12.00
# Visual Studio 2012
Project("{FAE04EC0-301F-11D3-BF4B-00C04F79EFBC}") = "Mvc.CarRentalApplication", "Mvc.CarRentalApplication\Mvc.CarRentalApplication.csproj", "{C7E26713-53C9-4238-904C-A5B847CE746F}"
EndProject
Project("{FAE04EC0-301F-11D3-BF4B-00C04F79EFBC}") = "CarRentals.Model", "..\CarRentals.Model\CarRentals.Model.csproj", "{C0F31E9B-13F2-480D-947A-A791FC76A913}"
EndProject
Project("{FAE04EC0-301F-11D3-BF4B-00C04F79EFBC}") = "CarRentals.DataAccess", "CarRentals.DataAccess\CarRentals.DataAccess.csproj", "{12764091-D8D6-4971-AF7A-6FBB8795B432}"
EndProject
Project("{FAE04EC0-301F-11D3-BF4B-00C04F79EFBC}") = "CarRentals.BusinessLogic", "CarRentals.BusinessLogic\CarRentals.BusinessLogic.csproj", "{577A5460-B83C-47D7-A382-C7CA91C0F6A3}"
EndProject
Global
	GlobalSection(SolutionConfigurationPlatforms) = preSolution
		Debug|Any CPU = Debug|Any CPU
		Release|Any CPU = Release|Any CPU
	EndGlobalSection
	GlobalSection(ProjectConfigurationPlatforms) = postSolution
		{C7E26713-53C9-4238-904C-A5B847CE746F}.Debug|Any CPU.ActiveCfg = Debug|Any CPU
		{C7E26713-53C9-4238-904C-A5B847CE746F}.Debug|Any CPU.Build.0 = Debug|Any CPU
		{C7E26713-53C9-4238-904C-A5B847CE746F}.Release|Any CPU.ActiveCfg = Release|Any CPU
		{C7E26713-53C9-4238-904C-A5B847CE746F}.Release|Any CPU.Build.0 = Release|Any CPU
		{C0F31E9B-13F2-480D-947A-A791FC76A913}.Debug|Any CPU.ActiveCfg = Debug|Any CPU
		{C0F31E9B-13F2-480D-947A-A791FC76A913}.Debug|Any CPU.Build.0 = Debug|Any CPU
		{C0F31E9B-13F2-480D-947A-A791FC76A913}.Release|Any CPU.ActiveCfg = Release|Any CPU
		{C0F31E9B-13F2-480D-947A-A791FC76A913}.Release|Any CPU.Build.0 = Release|Any CPU
		{12764091-D8D6-4971-AF7A-6FBB8795B432}.Debug|Any CPU.ActiveCfg = Debug|Any CPU
		{12764091-D8D6-4971-AF7A-6FBB8795B432}.Debug|Any CPU.Build.0 = Debug|Any CPU
		{12764091-D8D6-4971-AF7A-6FBB8795B432}.Release|Any CPU.ActiveCfg = Release|Any CPU
		{12764091-D8D6-4971-AF7A-6FBB8795B432}.Release|Any CPU.Build.0 = Release|Any CPU
		{577A5460-B83C-47D7-A382-C7CA91C0F6A3}.Debug|Any CPU.ActiveCfg = Debug|Any CPU
		{577A5460-B83C-47D7-A382-C7CA91C0F6A3}.Debug|Any CPU.Build.0 = Debug|Any CPU
		{577A5460-B83C-47D7-A382-C7CA91C0F6A3}.Release|Any CPU.ActiveCfg = Release|Any CPU
		{577A5460-B83C-47D7-A382-C7CA91C0F6A3}.Release|Any CPU.Build.0 = Release|Any CPU
	EndGlobalSection
	GlobalSection(SolutionProperties) = preSolution
		HideSolutionNode = FALSE
	EndGlobalSection
EndGlobal
